
Microsoft Visual Studio Solution File, Format Version 12.00
# Visual Studio Version 17
VisualStudioVersion = 17.4.33205.214
MinimumVisualStudioVersion = 10.0.40219.1
Project("{9A19103F-16F7-4668-BE54-9A1E7A4F7556}") = "Shop", "Shop\Shop.csproj", "{28CC31FA-EA52-4BF2-9C2D-E60576B543F7}"
EndProject
Project("{9A19103F-16F7-4668-BE54-9A1E7A4F7556}") = "Shop.Data", "Shop.Data\Shop.Data.csproj", "{3924D064-6C6C-4177-8246-40C655A59DEE}"
EndProject
Project("{9A19103F-16F7-4668-BE54-9A1E7A4F7556}") = "Shop.Core", "Shop.Core\Shop.Core.csproj", "{643DD943-6309-4675-AAD2-14C78C9894B4}"
EndProject
Project("{FAE04EC0-301F-11D3-BF4B-00C04F79EFBC}") = "ShopAplicationServices", "ShopAplicationServices\ShopAplicationServices.csproj", "{12B7BD97-212F-4648-8896-81F095F2E1CD}"
EndProject
Global
	GlobalSection(SolutionConfigurationPlatforms) = preSolution
		Debug|Any CPU = Debug|Any CPU
		Release|Any CPU = Release|Any CPU
	EndGlobalSection
	GlobalSection(ProjectConfigurationPlatforms) = postSolution
		{28CC31FA-EA52-4BF2-9C2D-E60576B543F7}.Debug|Any CPU.ActiveCfg = Debug|Any CPU
		{28CC31FA-EA52-4BF2-9C2D-E60576B543F7}.Debug|Any CPU.Build.0 = Debug|Any CPU
		{28CC31FA-EA52-4BF2-9C2D-E60576B543F7}.Release|Any CPU.ActiveCfg = Release|Any CPU
		{28CC31FA-EA52-4BF2-9C2D-E60576B543F7}.Release|Any CPU.Build.0 = Release|Any CPU
		{3924D064-6C6C-4177-8246-40C655A59DEE}.Debug|Any CPU.ActiveCfg = Debug|Any CPU
		{3924D064-6C6C-4177-8246-40C655A59DEE}.Debug|Any CPU.Build.0 = Debug|Any CPU
		{3924D064-6C6C-4177-8246-40C655A59DEE}.Release|Any CPU.ActiveCfg = Release|Any CPU
		{3924D064-6C6C-4177-8246-40C655A59DEE}.Release|Any CPU.Build.0 = Release|Any CPU
		{643DD943-6309-4675-AAD2-14C78C9894B4}.Debug|Any CPU.ActiveCfg = Debug|Any CPU
		{643DD943-6309-4675-AAD2-14C78C9894B4}.Debug|Any CPU.Build.0 = Debug|Any CPU
		{643DD943-6309-4675-AAD2-14C78C9894B4}.Release|Any CPU.ActiveCfg = Release|Any CPU
		{643DD943-6309-4675-AAD2-14C78C9894B4}.Release|Any CPU.Build.0 = Release|Any CPU
		{12B7BD97-212F-4648-8896-81F095F2E1CD}.Debug|Any CPU.ActiveCfg = Debug|Any CPU
		{12B7BD97-212F-4648-8896-81F095F2E1CD}.Debug|Any CPU.Build.0 = Debug|Any CPU
		{12B7BD97-212F-4648-8896-81F095F2E1CD}.Release|Any CPU.ActiveCfg = Release|Any CPU
		{12B7BD97-212F-4648-8896-81F095F2E1CD}.Release|Any CPU.Build.0 = Release|Any CPU
	EndGlobalSection
	GlobalSection(SolutionProperties) = preSolution
		HideSolutionNode = FALSE
	EndGlobalSection
	GlobalSection(ExtensibilityGlobals) = postSolution
		SolutionGuid = {4CAF5BE6-6BC6-43FC-A25B-C82AB55912B5}
	EndGlobalSection
EndGlobal
